// !$*UTF8*$!
{
	archiveVersion = 1;
	classes = {
	};
	objectVersion = 46;
	objects = {

/* Begin PBXBuildFile section */
		3DC2B55B165FB644000BED73 /* UIKit.framework in Frameworks */ = {isa = PBXBuildFile; fileRef = 3DC2B55A165FB644000BED73 /* UIKit.framework */; };
		3DC2B55D165FB644000BED73 /* Foundation.framework in Frameworks */ = {isa = PBXBuildFile; fileRef = 3DC2B55C165FB644000BED73 /* Foundation.framework */; };
		3DC2B55F165FB644000BED73 /* CoreGraphics.framework in Frameworks */ = {isa = PBXBuildFile; fileRef = 3DC2B55E165FB644000BED73 /* CoreGraphics.framework */; };
		3DC2B565165FB644000BED73 /* InfoPlist.strings in Resources */ = {isa = PBXBuildFile; fileRef = 3DC2B563165FB644000BED73 /* InfoPlist.strings */; };
		3DC2B567165FB644000BED73 /* main.m in Sources */ = {isa = PBXBuildFile; fileRef = 3DC2B566165FB644000BED73 /* main.m */; };
		3DC2B56B165FB644000BED73 /* STAppDelegate.m in Sources */ = {isa = PBXBuildFile; fileRef = 3DC2B56A165FB644000BED73 /* STAppDelegate.m */; };
		3DC2B56D165FB644000BED73 /* Default.png in Resources */ = {isa = PBXBuildFile; fileRef = 3DC2B56C165FB644000BED73 /* Default.png */; };
		3DC2B56F165FB644000BED73 /* Default@2x.png in Resources */ = {isa = PBXBuildFile; fileRef = 3DC2B56E165FB644000BED73 /* Default@2x.png */; };
		3DC2B571165FB644000BED73 /* Default-568h@2x.png in Resources */ = {isa = PBXBuildFile; fileRef = 3DC2B570165FB644000BED73 /* Default-568h@2x.png */; };
		3DC2B574165FB644000BED73 /* STViewController.m in Sources */ = {isa = PBXBuildFile; fileRef = 3DC2B573165FB644000BED73 /* STViewController.m */; };
		3DC2B57F165FB645000BED73 /* SenTestingKit.framework in Frameworks */ = {isa = PBXBuildFile; fileRef = 3DC2B57E165FB645000BED73 /* SenTestingKit.framework */; };
		3DC2B580165FB645000BED73 /* UIKit.framework in Frameworks */ = {isa = PBXBuildFile; fileRef = 3DC2B55A165FB644000BED73 /* UIKit.framework */; };
		3DC2B581165FB645000BED73 /* Foundation.framework in Frameworks */ = {isa = PBXBuildFile; fileRef = 3DC2B55C165FB644000BED73 /* Foundation.framework */; };
		3DC2B589165FB645000BED73 /* InfoPlist.strings in Resources */ = {isa = PBXBuildFile; fileRef = 3DC2B587165FB645000BED73 /* InfoPlist.strings */; };
		3DC2B58C165FB645000BED73 /* iSpeedTestTests.m in Sources */ = {isa = PBXBuildFile; fileRef = 3DC2B58B165FB645000BED73 /* iSpeedTestTests.m */; };
		3DC2B59D165FB81D000BED73 /* STHomeViewController.m in Sources */ = {isa = PBXBuildFile; fileRef = 3DC2B59C165FB81D000BED73 /* STHomeViewController.m */; };
		3DC2B5A3165FC232000BED73 /* STView.m in Sources */ = {isa = PBXBuildFile; fileRef = 3DC2B5A2165FC232000BED73 /* STView.m */; };
		3DC2B5A7165FC27D000BED73 /* STSpeedtestView.m in Sources */ = {isa = PBXBuildFile; fileRef = 3DC2B5A6165FC27D000BED73 /* STSpeedtestView.m */; };
		3DC2B5AB165FC29D000BED73 /* STSpeedtest.m in Sources */ = {isa = PBXBuildFile; fileRef = 3DC2B5AA165FC29D000BED73 /* STSpeedtest.m */; };
		3DC2B5E1165FEDB1000BED73 /* QuartzCore.framework in Frameworks */ = {isa = PBXBuildFile; fileRef = 3DC2B5E0165FEDB1000BED73 /* QuartzCore.framework */; };
		5485B8A41666B45700B627B1 /* CoreData.framework in Frameworks */ = {isa = PBXBuildFile; fileRef = 5485B8A31666B45700B627B1 /* CoreData.framework */; };
		5485B8B81666B4BE00B627B1 /* UIView+Effects.m in Sources */ = {isa = PBXBuildFile; fileRef = 5485B8AB1666B4BE00B627B1 /* UIView+Effects.m */; };
		5485B8B91666B4BE00B627B1 /* UIImage+Alpha.m in Sources */ = {isa = PBXBuildFile; fileRef = 5485B8AD1666B4BE00B627B1 /* UIImage+Alpha.m */; };
		5485B8BA1666B4BE00B627B1 /* UIImage+Tools.m in Sources */ = {isa = PBXBuildFile; fileRef = 5485B8AF1666B4BE00B627B1 /* UIImage+Tools.m */; };
		5485B8BB1666B4BE00B627B1 /* UIColor+Tools.m in Sources */ = {isa = PBXBuildFile; fileRef = 5485B8B11666B4BE00B627B1 /* UIColor+Tools.m */; };
		5485B8BC1666B4BE00B627B1 /* UILabel+DynamicHeight.m in Sources */ = {isa = PBXBuildFile; fileRef = 5485B8B31666B4BE00B627B1 /* UILabel+DynamicHeight.m */; };
		5485B8BD1666B4BE00B627B1 /* UIView+Layout.m in Sources */ = {isa = PBXBuildFile; fileRef = 5485B8B51666B4BE00B627B1 /* UIView+Layout.m */; };
		5485B8BE1666B4BE00B627B1 /* NSString+Ereg.m in Sources */ = {isa = PBXBuildFile; fileRef = 5485B8B71666B4BE00B627B1 /* NSString+Ereg.m */; };
		5485B8C31666B5E200B627B1 /* STConfig.m in Sources */ = {isa = PBXBuildFile; fileRef = 5485B8C21666B5E200B627B1 /* STConfig.m */; };
		5485B8C71666B70C00B627B1 /* DataModel.xcdatamodeld in Sources */ = {isa = PBXBuildFile; fileRef = 5485B8C51666B70C00B627B1 /* DataModel.xcdatamodeld */; };
		5485B8CC1666B86500B627B1 /* STReporting.m in Sources */ = {isa = PBXBuildFile; fileRef = 5485B8CB1666B86500B627B1 /* STReporting.m */; };
		5485B8CF1666B87B00B627B1 /* STHistory.m in Sources */ = {isa = PBXBuildFile; fileRef = 5485B8CE1666B87B00B627B1 /* STHistory.m */; };
		5485B8D01666B87B00B627B1 /* STHistory.m in Sources */ = {isa = PBXBuildFile; fileRef = 5485B8CE1666B87B00B627B1 /* STHistory.m */; };
		5485B8D51666BB1800B627B1 /* STMapView.m in Sources */ = {isa = PBXBuildFile; fileRef = 5485B8D41666BB1800B627B1 /* STMapView.m */; };
		5485B8D91666BB2F00B627B1 /* STHistoryView.m in Sources */ = {isa = PBXBuildFile; fileRef = 5485B8D81666BB2F00B627B1 /* STHistoryView.m */; };
		5485B8DC1666BBCA00B627B1 /* STSubsectionView.m in Sources */ = {isa = PBXBuildFile; fileRef = 5485B8DB1666BBCA00B627B1 /* STSubsectionView.m */; };
		5485B8F91666C22500B627B1 /* SP_ico_menu_history.png in Resources */ = {isa = PBXBuildFile; fileRef = 5485B8E11666C22500B627B1 /* SP_ico_menu_history.png */; };
		5485B8FA1666C22500B627B1 /* SP_ico_menu_history@2x.png in Resources */ = {isa = PBXBuildFile; fileRef = 5485B8E21666C22500B627B1 /* SP_ico_menu_history@2x.png */; };
		5485B8FB1666C22500B627B1 /* SP_ico_menu_history_active.png in Resources */ = {isa = PBXBuildFile; fileRef = 5485B8E31666C22500B627B1 /* SP_ico_menu_history_active.png */; };
		5485B8FC1666C22500B627B1 /* SP_ico_menu_history_active@2x.png in Resources */ = {isa = PBXBuildFile; fileRef = 5485B8E41666C22500B627B1 /* SP_ico_menu_history_active@2x.png */; };
		5485B8FD1666C22500B627B1 /* SP_ico_menu_map.png in Resources */ = {isa = PBXBuildFile; fileRef = 5485B8E51666C22500B627B1 /* SP_ico_menu_map.png */; };
		5485B8FE1666C22500B627B1 /* SP_ico_menu_map@2x.png in Resources */ = {isa = PBXBuildFile; fileRef = 5485B8E61666C22500B627B1 /* SP_ico_menu_map@2x.png */; };
		5485B8FF1666C22500B627B1 /* SP_ico_menu_map_active.png in Resources */ = {isa = PBXBuildFile; fileRef = 5485B8E71666C22500B627B1 /* SP_ico_menu_map_active.png */; };
		5485B9001666C22500B627B1 /* SP_ico_menu_map_active@2x.png in Resources */ = {isa = PBXBuildFile; fileRef = 5485B8E81666C22500B627B1 /* SP_ico_menu_map_active@2x.png */; };
		5485B9011666C22500B627B1 /* SP_ico_menu_speed.png in Resources */ = {isa = PBXBuildFile; fileRef = 5485B8E91666C22500B627B1 /* SP_ico_menu_speed.png */; };
		5485B9021666C22500B627B1 /* SP_ico_menu_speed@2x.png in Resources */ = {isa = PBXBuildFile; fileRef = 5485B8EA1666C22500B627B1 /* SP_ico_menu_speed@2x.png */; };
		5485B9031666C22500B627B1 /* SP_ico_menu_speed_active.png in Resources */ = {isa = PBXBuildFile; fileRef = 5485B8EB1666C22500B627B1 /* SP_ico_menu_speed_active.png */; };
		5485B9041666C22500B627B1 /* SP_ico_menu_speed_active@2x.png in Resources */ = {isa = PBXBuildFile; fileRef = 5485B8EC1666C22500B627B1 /* SP_ico_menu_speed_active@2x.png */; };
		5485B9051666C22500B627B1 /* SP_menu_chosen.png in Resources */ = {isa = PBXBuildFile; fileRef = 5485B8ED1666C22500B627B1 /* SP_menu_chosen.png */; };
		5485B9061666C22500B627B1 /* SP_menu_chosen@2x.png in Resources */ = {isa = PBXBuildFile; fileRef = 5485B8EE1666C22500B627B1 /* SP_menu_chosen@2x.png */; };
		5485B9071666C22500B627B1 /* SP_menu_divider.png in Resources */ = {isa = PBXBuildFile; fileRef = 5485B8EF1666C22500B627B1 /* SP_menu_divider.png */; };
		5485B9081666C22500B627B1 /* SP_menu_divider@2x.png in Resources */ = {isa = PBXBuildFile; fileRef = 5485B8F01666C22500B627B1 /* SP_menu_divider@2x.png */; };
		5485B9091666C22500B627B1 /* SP_menu_line.png in Resources */ = {isa = PBXBuildFile; fileRef = 5485B8F11666C22500B627B1 /* SP_menu_line.png */; };
		5485B90A1666C22500B627B1 /* SP_menu_line@2x.png in Resources */ = {isa = PBXBuildFile; fileRef = 5485B8F21666C22500B627B1 /* SP_menu_line@2x.png */; };
		5485B90B1666C22500B627B1 /* SP_speed_circle_bg.png in Resources */ = {isa = PBXBuildFile; fileRef = 5485B8F31666C22500B627B1 /* SP_speed_circle_bg.png */; };
		5485B90C1666C22500B627B1 /* SP_speed_circle_bg@2x.png in Resources */ = {isa = PBXBuildFile; fileRef = 5485B8F41666C22500B627B1 /* SP_speed_circle_bg@2x.png */; };
		5485B9111666C36300B627B1 /* FamiliarPro-Bold.otf in Resources */ = {isa = PBXBuildFile; fileRef = 5485B9101666C36300B627B1 /* FamiliarPro-Bold.otf */; };
		5485B9161666CBC800B627B1 /* STAutoLineView.m in Sources */ = {isa = PBXBuildFile; fileRef = 5485B9141666CA8B00B627B1 /* STAutoLineView.m */; };
		5485B91C1666D94A00B627B1 /* MapKit.framework in Frameworks */ = {isa = PBXBuildFile; fileRef = 5485B91B1666D94900B627B1 /* MapKit.framework */; };
		5485B9211666DA9C00B627B1 /* SP_bg_map_overlay.png in Resources */ = {isa = PBXBuildFile; fileRef = 5485B91D1666DA9200B627B1 /* SP_bg_map_overlay.png */; };
		5485B9221666DA9C00B627B1 /* SP_bg_map_overlay@2x.png in Resources */ = {isa = PBXBuildFile; fileRef = 5485B91E1666DA9400B627B1 /* SP_bg_map_overlay@2x.png */; };
		5485B9231666DA9C00B627B1 /* SP_ico_pin.png in Resources */ = {isa = PBXBuildFile; fileRef = 5485B91F1666DA9600B627B1 /* SP_ico_pin.png */; };
		5485B9241666DA9C00B627B1 /* SP_ico_pin@2x.png in Resources */ = {isa = PBXBuildFile; fileRef = 5485B9201666DA9900B627B1 /* SP_ico_pin@2x.png */; };
		5485B9271666F25D00B627B1 /* SP_amazons3_logo.png in Resources */ = {isa = PBXBuildFile; fileRef = 5485B9251666F25800B627B1 /* SP_amazons3_logo.png */; };
		5485B9281666F25D00B627B1 /* SP_amazons3_logo@2x.png in Resources */ = {isa = PBXBuildFile; fileRef = 5485B9261666F25B00B627B1 /* SP_amazons3_logo@2x.png */; };
		5485B92A1666F48C00B627B1 /* CoreTelephony.framework in Frameworks */ = {isa = PBXBuildFile; fileRef = 5485B9291666F48B00B627B1 /* CoreTelephony.framework */; };
		5485B9311666F82800B627B1 /* Reachability.m in Sources */ = {isa = PBXBuildFile; fileRef = 5485B9301666F82800B627B1 /* Reachability.m */; settings = {COMPILER_FLAGS = "-fno-objc-arc"; }; };
		5485B9321666F82800B627B1 /* Reachability.m in Sources */ = {isa = PBXBuildFile; fileRef = 5485B9301666F82800B627B1 /* Reachability.m */; };
		5485B9411666FD7500B627B1 /* SystemConfiguration.framework in Frameworks */ = {isa = PBXBuildFile; fileRef = 5485B9401666FD7300B627B1 /* SystemConfiguration.framework */; };
/* End PBXBuildFile section */

/* Begin PBXContainerItemProxy section */
		3DC2B582165FB645000BED73 /* PBXContainerItemProxy */ = {
			isa = PBXContainerItemProxy;
			containerPortal = 3DC2B54D165FB644000BED73 /* Project object */;
			proxyType = 1;
			remoteGlobalIDString = 3DC2B555165FB644000BED73;
			remoteInfo = iSpeedTest;
		};
/* End PBXContainerItemProxy section */

/* Begin PBXFileReference section */
		3DC2B556165FB644000BED73 /* iSpeedTest.app */ = {isa = PBXFileReference; explicitFileType = wrapper.application; includeInIndex = 0; path = iSpeedTest.app; sourceTree = BUILT_PRODUCTS_DIR; };
		3DC2B55A165FB644000BED73 /* UIKit.framework */ = {isa = PBXFileReference; lastKnownFileType = wrapper.framework; name = UIKit.framework; path = System/Library/Frameworks/UIKit.framework; sourceTree = SDKROOT; };
		3DC2B55C165FB644000BED73 /* Foundation.framework */ = {isa = PBXFileReference; lastKnownFileType = wrapper.framework; name = Foundation.framework; path = System/Library/Frameworks/Foundation.framework; sourceTree = SDKROOT; };
		3DC2B55E165FB644000BED73 /* CoreGraphics.framework */ = {isa = PBXFileReference; lastKnownFileType = wrapper.framework; name = CoreGraphics.framework; path = System/Library/Frameworks/CoreGraphics.framework; sourceTree = SDKROOT; };
		3DC2B562165FB644000BED73 /* iSpeedTest-Info.plist */ = {isa = PBXFileReference; lastKnownFileType = text.plist.xml; path = "iSpeedTest-Info.plist"; sourceTree = "<group>"; };
		3DC2B564165FB644000BED73 /* en */ = {isa = PBXFileReference; lastKnownFileType = text.plist.strings; name = en; path = en.lproj/InfoPlist.strings; sourceTree = "<group>"; };
		3DC2B566165FB644000BED73 /* main.m */ = {isa = PBXFileReference; lastKnownFileType = sourcecode.c.objc; path = main.m; sourceTree = "<group>"; };
		3DC2B568165FB644000BED73 /* iSpeedTest-Prefix.pch */ = {isa = PBXFileReference; lastKnownFileType = sourcecode.c.h; path = "iSpeedTest-Prefix.pch"; sourceTree = "<group>"; };
		3DC2B569165FB644000BED73 /* STAppDelegate.h */ = {isa = PBXFileReference; lastKnownFileType = sourcecode.c.h; path = STAppDelegate.h; sourceTree = "<group>"; };
		3DC2B56A165FB644000BED73 /* STAppDelegate.m */ = {isa = PBXFileReference; lastKnownFileType = sourcecode.c.objc; path = STAppDelegate.m; sourceTree = "<group>"; };
		3DC2B56C165FB644000BED73 /* Default.png */ = {isa = PBXFileReference; lastKnownFileType = image.png; path = Default.png; sourceTree = "<group>"; };
		3DC2B56E165FB644000BED73 /* Default@2x.png */ = {isa = PBXFileReference; lastKnownFileType = image.png; path = "Default@2x.png"; sourceTree = "<group>"; };
		3DC2B570165FB644000BED73 /* Default-568h@2x.png */ = {isa = PBXFileReference; lastKnownFileType = image.png; path = "Default-568h@2x.png"; sourceTree = "<group>"; };
		3DC2B572165FB644000BED73 /* STViewController.h */ = {isa = PBXFileReference; lastKnownFileType = sourcecode.c.h; path = STViewController.h; sourceTree = "<group>"; };
		3DC2B573165FB644000BED73 /* STViewController.m */ = {isa = PBXFileReference; lastKnownFileType = sourcecode.c.objc; path = STViewController.m; sourceTree = "<group>"; };
		3DC2B57D165FB645000BED73 /* iSpeedTestTests.octest */ = {isa = PBXFileReference; explicitFileType = wrapper.cfbundle; includeInIndex = 0; path = iSpeedTestTests.octest; sourceTree = BUILT_PRODUCTS_DIR; };
		3DC2B57E165FB645000BED73 /* SenTestingKit.framework */ = {isa = PBXFileReference; lastKnownFileType = wrapper.framework; name = SenTestingKit.framework; path = Library/Frameworks/SenTestingKit.framework; sourceTree = DEVELOPER_DIR; };
		3DC2B586165FB645000BED73 /* iSpeedTestTests-Info.plist */ = {isa = PBXFileReference; lastKnownFileType = text.plist.xml; path = "iSpeedTestTests-Info.plist"; sourceTree = "<group>"; };
		3DC2B588165FB645000BED73 /* en */ = {isa = PBXFileReference; lastKnownFileType = text.plist.strings; name = en; path = en.lproj/InfoPlist.strings; sourceTree = "<group>"; };
		3DC2B58A165FB645000BED73 /* iSpeedTestTests.h */ = {isa = PBXFileReference; lastKnownFileType = sourcecode.c.h; path = iSpeedTestTests.h; sourceTree = "<group>"; };
		3DC2B58B165FB645000BED73 /* iSpeedTestTests.m */ = {isa = PBXFileReference; lastKnownFileType = sourcecode.c.objc; path = iSpeedTestTests.m; sourceTree = "<group>"; };
		3DC2B59B165FB81D000BED73 /* STHomeViewController.h */ = {isa = PBXFileReference; fileEncoding = 4; lastKnownFileType = sourcecode.c.h; path = STHomeViewController.h; sourceTree = "<group>"; };
		3DC2B59C165FB81D000BED73 /* STHomeViewController.m */ = {isa = PBXFileReference; fileEncoding = 4; lastKnownFileType = sourcecode.c.objc; path = STHomeViewController.m; sourceTree = "<group>"; };
		3DC2B5A1165FC232000BED73 /* STView.h */ = {isa = PBXFileReference; fileEncoding = 4; lastKnownFileType = sourcecode.c.h; path = STView.h; sourceTree = "<group>"; };
		3DC2B5A2165FC232000BED73 /* STView.m */ = {isa = PBXFileReference; fileEncoding = 4; lastKnownFileType = sourcecode.c.objc; path = STView.m; sourceTree = "<group>"; };
		3DC2B5A5165FC27D000BED73 /* STSpeedtestView.h */ = {isa = PBXFileReference; fileEncoding = 4; lastKnownFileType = sourcecode.c.h; path = STSpeedtestView.h; sourceTree = "<group>"; };
		3DC2B5A6165FC27D000BED73 /* STSpeedtestView.m */ = {isa = PBXFileReference; fileEncoding = 4; lastKnownFileType = sourcecode.c.objc; path = STSpeedtestView.m; sourceTree = "<group>"; };
		3DC2B5A9165FC29D000BED73 /* STSpeedtest.h */ = {isa = PBXFileReference; fileEncoding = 4; lastKnownFileType = sourcecode.c.h; path = STSpeedtest.h; sourceTree = "<group>"; };
		3DC2B5AA165FC29D000BED73 /* STSpeedtest.m */ = {isa = PBXFileReference; fileEncoding = 4; lastKnownFileType = sourcecode.c.objc; path = STSpeedtest.m; sourceTree = "<group>"; };
		3DC2B5E0165FEDB1000BED73 /* QuartzCore.framework */ = {isa = PBXFileReference; lastKnownFileType = wrapper.framework; name = QuartzCore.framework; path = System/Library/Frameworks/QuartzCore.framework; sourceTree = SDKROOT; };
		5485B8A31666B45700B627B1 /* CoreData.framework */ = {isa = PBXFileReference; lastKnownFileType = wrapper.framework; name = CoreData.framework; path = System/Library/Frameworks/CoreData.framework; sourceTree = SDKROOT; };
		5485B8AA1666B4BE00B627B1 /* UIView+Effects.h */ = {isa = PBXFileReference; fileEncoding = 4; lastKnownFileType = sourcecode.c.h; path = "UIView+Effects.h"; sourceTree = "<group>"; };
		5485B8AB1666B4BE00B627B1 /* UIView+Effects.m */ = {isa = PBXFileReference; fileEncoding = 4; lastKnownFileType = sourcecode.c.objc; path = "UIView+Effects.m"; sourceTree = "<group>"; };
		5485B8AC1666B4BE00B627B1 /* UIImage+Alpha.h */ = {isa = PBXFileReference; fileEncoding = 4; lastKnownFileType = sourcecode.c.h; path = "UIImage+Alpha.h"; sourceTree = "<group>"; };
		5485B8AD1666B4BE00B627B1 /* UIImage+Alpha.m */ = {isa = PBXFileReference; fileEncoding = 4; lastKnownFileType = sourcecode.c.objc; path = "UIImage+Alpha.m"; sourceTree = "<group>"; };
		5485B8AE1666B4BE00B627B1 /* UIImage+Tools.h */ = {isa = PBXFileReference; fileEncoding = 4; lastKnownFileType = sourcecode.c.h; path = "UIImage+Tools.h"; sourceTree = "<group>"; };
		5485B8AF1666B4BE00B627B1 /* UIImage+Tools.m */ = {isa = PBXFileReference; fileEncoding = 4; lastKnownFileType = sourcecode.c.objc; path = "UIImage+Tools.m"; sourceTree = "<group>"; };
		5485B8B01666B4BE00B627B1 /* UIColor+Tools.h */ = {isa = PBXFileReference; fileEncoding = 4; lastKnownFileType = sourcecode.c.h; path = "UIColor+Tools.h"; sourceTree = "<group>"; };
		5485B8B11666B4BE00B627B1 /* UIColor+Tools.m */ = {isa = PBXFileReference; fileEncoding = 4; lastKnownFileType = sourcecode.c.objc; path = "UIColor+Tools.m"; sourceTree = "<group>"; };
		5485B8B21666B4BE00B627B1 /* UILabel+DynamicHeight.h */ = {isa = PBXFileReference; fileEncoding = 4; lastKnownFileType = sourcecode.c.h; path = "UILabel+DynamicHeight.h"; sourceTree = "<group>"; };
		5485B8B31666B4BE00B627B1 /* UILabel+DynamicHeight.m */ = {isa = PBXFileReference; fileEncoding = 4; lastKnownFileType = sourcecode.c.objc; path = "UILabel+DynamicHeight.m"; sourceTree = "<group>"; };
		5485B8B41666B4BE00B627B1 /* UIView+Layout.h */ = {isa = PBXFileReference; fileEncoding = 4; lastKnownFileType = sourcecode.c.h; path = "UIView+Layout.h"; sourceTree = "<group>"; };
		5485B8B51666B4BE00B627B1 /* UIView+Layout.m */ = {isa = PBXFileReference; fileEncoding = 4; lastKnownFileType = sourcecode.c.objc; path = "UIView+Layout.m"; sourceTree = "<group>"; };
		5485B8B61666B4BE00B627B1 /* NSString+Ereg.h */ = {isa = PBXFileReference; fileEncoding = 4; lastKnownFileType = sourcecode.c.h; path = "NSString+Ereg.h"; sourceTree = "<group>"; };
		5485B8B71666B4BE00B627B1 /* NSString+Ereg.m */ = {isa = PBXFileReference; fileEncoding = 4; lastKnownFileType = sourcecode.c.objc; path = "NSString+Ereg.m"; sourceTree = "<group>"; };
		5485B8C11666B5E200B627B1 /* STConfig.h */ = {isa = PBXFileReference; fileEncoding = 4; lastKnownFileType = sourcecode.c.h; path = STConfig.h; sourceTree = "<group>"; };
		5485B8C21666B5E200B627B1 /* STConfig.m */ = {isa = PBXFileReference; fileEncoding = 4; lastKnownFileType = sourcecode.c.objc; path = STConfig.m; sourceTree = "<group>"; };
		5485B8C61666B70C00B627B1 /* DataModel.xcdatamodel */ = {isa = PBXFileReference; lastKnownFileType = wrapper.xcdatamodel; path = DataModel.xcdatamodel; sourceTree = "<group>"; };
		5485B8CA1666B86500B627B1 /* STReporting.h */ = {isa = PBXFileReference; fileEncoding = 4; lastKnownFileType = sourcecode.c.h; path = STReporting.h; sourceTree = "<group>"; };
		5485B8CB1666B86500B627B1 /* STReporting.m */ = {isa = PBXFileReference; fileEncoding = 4; lastKnownFileType = sourcecode.c.objc; path = STReporting.m; sourceTree = "<group>"; };
		5485B8CD1666B87B00B627B1 /* STHistory.h */ = {isa = PBXFileReference; fileEncoding = 4; lastKnownFileType = sourcecode.c.h; path = STHistory.h; sourceTree = "<group>"; };
		5485B8CE1666B87B00B627B1 /* STHistory.m */ = {isa = PBXFileReference; fileEncoding = 4; lastKnownFileType = sourcecode.c.objc; path = STHistory.m; sourceTree = "<group>"; };
		5485B8D31666BB1800B627B1 /* STMapView.h */ = {isa = PBXFileReference; fileEncoding = 4; lastKnownFileType = sourcecode.c.h; path = STMapView.h; sourceTree = "<group>"; };
		5485B8D41666BB1800B627B1 /* STMapView.m */ = {isa = PBXFileReference; fileEncoding = 4; lastKnownFileType = sourcecode.c.objc; path = STMapView.m; sourceTree = "<group>"; };
		5485B8D71666BB2F00B627B1 /* STHistoryView.h */ = {isa = PBXFileReference; fileEncoding = 4; lastKnownFileType = sourcecode.c.h; path = STHistoryView.h; sourceTree = "<group>"; };
		5485B8D81666BB2F00B627B1 /* STHistoryView.m */ = {isa = PBXFileReference; fileEncoding = 4; lastKnownFileType = sourcecode.c.objc; path = STHistoryView.m; sourceTree = "<group>"; };
		5485B8DA1666BBC900B627B1 /* STSubsectionView.h */ = {isa = PBXFileReference; fileEncoding = 4; lastKnownFileType = sourcecode.c.h; path = STSubsectionView.h; sourceTree = "<group>"; };
		5485B8DB1666BBCA00B627B1 /* STSubsectionView.m */ = {isa = PBXFileReference; fileEncoding = 4; lastKnownFileType = sourcecode.c.objc; path = STSubsectionView.m; sourceTree = "<group>"; };
		5485B8E11666C22500B627B1 /* SP_ico_menu_history.png */ = {isa = PBXFileReference; lastKnownFileType = image.png; path = SP_ico_menu_history.png; sourceTree = "<group>"; };
		5485B8E21666C22500B627B1 /* SP_ico_menu_history@2x.png */ = {isa = PBXFileReference; lastKnownFileType = image.png; path = "SP_ico_menu_history@2x.png"; sourceTree = "<group>"; };
		5485B8E31666C22500B627B1 /* SP_ico_menu_history_active.png */ = {isa = PBXFileReference; lastKnownFileType = image.png; path = SP_ico_menu_history_active.png; sourceTree = "<group>"; };
		5485B8E41666C22500B627B1 /* SP_ico_menu_history_active@2x.png */ = {isa = PBXFileReference; lastKnownFileType = image.png; path = "SP_ico_menu_history_active@2x.png"; sourceTree = "<group>"; };
		5485B8E51666C22500B627B1 /* SP_ico_menu_map.png */ = {isa = PBXFileReference; lastKnownFileType = image.png; path = SP_ico_menu_map.png; sourceTree = "<group>"; };
		5485B8E61666C22500B627B1 /* SP_ico_menu_map@2x.png */ = {isa = PBXFileReference; lastKnownFileType = image.png; path = "SP_ico_menu_map@2x.png"; sourceTree = "<group>"; };
		5485B8E71666C22500B627B1 /* SP_ico_menu_map_active.png */ = {isa = PBXFileReference; lastKnownFileType = image.png; path = SP_ico_menu_map_active.png; sourceTree = "<group>"; };
		5485B8E81666C22500B627B1 /* SP_ico_menu_map_active@2x.png */ = {isa = PBXFileReference; lastKnownFileType = image.png; path = "SP_ico_menu_map_active@2x.png"; sourceTree = "<group>"; };
		5485B8E91666C22500B627B1 /* SP_ico_menu_speed.png */ = {isa = PBXFileReference; lastKnownFileType = image.png; path = SP_ico_menu_speed.png; sourceTree = "<group>"; };
		5485B8EA1666C22500B627B1 /* SP_ico_menu_speed@2x.png */ = {isa = PBXFileReference; lastKnownFileType = image.png; path = "SP_ico_menu_speed@2x.png"; sourceTree = "<group>"; };
		5485B8EB1666C22500B627B1 /* SP_ico_menu_speed_active.png */ = {isa = PBXFileReference; lastKnownFileType = image.png; path = SP_ico_menu_speed_active.png; sourceTree = "<group>"; };
		5485B8EC1666C22500B627B1 /* SP_ico_menu_speed_active@2x.png */ = {isa = PBXFileReference; lastKnownFileType = image.png; path = "SP_ico_menu_speed_active@2x.png"; sourceTree = "<group>"; };
		5485B8ED1666C22500B627B1 /* SP_menu_chosen.png */ = {isa = PBXFileReference; lastKnownFileType = image.png; path = SP_menu_chosen.png; sourceTree = "<group>"; };
		5485B8EE1666C22500B627B1 /* SP_menu_chosen@2x.png */ = {isa = PBXFileReference; lastKnownFileType = image.png; path = "SP_menu_chosen@2x.png"; sourceTree = "<group>"; };
		5485B8EF1666C22500B627B1 /* SP_menu_divider.png */ = {isa = PBXFileReference; lastKnownFileType = image.png; path = SP_menu_divider.png; sourceTree = "<group>"; };
		5485B8F01666C22500B627B1 /* SP_menu_divider@2x.png */ = {isa = PBXFileReference; lastKnownFileType = image.png; path = "SP_menu_divider@2x.png"; sourceTree = "<group>"; };
		5485B8F11666C22500B627B1 /* SP_menu_line.png */ = {isa = PBXFileReference; lastKnownFileType = image.png; path = SP_menu_line.png; sourceTree = "<group>"; };
		5485B8F21666C22500B627B1 /* SP_menu_line@2x.png */ = {isa = PBXFileReference; lastKnownFileType = image.png; path = "SP_menu_line@2x.png"; sourceTree = "<group>"; };
		5485B8F31666C22500B627B1 /* SP_speed_circle_bg.png */ = {isa = PBXFileReference; lastKnownFileType = image.png; path = SP_speed_circle_bg.png; sourceTree = "<group>"; };
		5485B8F41666C22500B627B1 /* SP_speed_circle_bg@2x.png */ = {isa = PBXFileReference; lastKnownFileType = image.png; path = "SP_speed_circle_bg@2x.png"; sourceTree = "<group>"; };
		5485B9101666C36300B627B1 /* FamiliarPro-Bold.otf */ = {isa = PBXFileReference; lastKnownFileType = file; path = "FamiliarPro-Bold.otf"; sourceTree = "<group>"; };
		5485B9131666CA8A00B627B1 /* STAutoLineView.h */ = {isa = PBXFileReference; fileEncoding = 4; lastKnownFileType = sourcecode.c.h; path = STAutoLineView.h; sourceTree = "<group>"; };
		5485B9141666CA8B00B627B1 /* STAutoLineView.m */ = {isa = PBXFileReference; fileEncoding = 4; lastKnownFileType = sourcecode.c.objc; path = STAutoLineView.m; sourceTree = "<group>"; };
		5485B91B1666D94900B627B1 /* MapKit.framework */ = {isa = PBXFileReference; lastKnownFileType = wrapper.framework; name = MapKit.framework; path = System/Library/Frameworks/MapKit.framework; sourceTree = SDKROOT; };
		5485B91D1666DA9200B627B1 /* SP_bg_map_overlay.png */ = {isa = PBXFileReference; lastKnownFileType = image.png; path = SP_bg_map_overlay.png; sourceTree = "<group>"; };
		5485B91E1666DA9400B627B1 /* SP_bg_map_overlay@2x.png */ = {isa = PBXFileReference; lastKnownFileType = image.png; path = "SP_bg_map_overlay@2x.png"; sourceTree = "<group>"; };
		5485B91F1666DA9600B627B1 /* SP_ico_pin.png */ = {isa = PBXFileReference; lastKnownFileType = image.png; path = SP_ico_pin.png; sourceTree = "<group>"; };
		5485B9201666DA9900B627B1 /* SP_ico_pin@2x.png */ = {isa = PBXFileReference; lastKnownFileType = image.png; path = "SP_ico_pin@2x.png"; sourceTree = "<group>"; };
		5485B9251666F25800B627B1 /* SP_amazons3_logo.png */ = {isa = PBXFileReference; lastKnownFileType = image.png; path = SP_amazons3_logo.png; sourceTree = "<group>"; };
		5485B9261666F25B00B627B1 /* SP_amazons3_logo@2x.png */ = {isa = PBXFileReference; lastKnownFileType = image.png; path = "SP_amazons3_logo@2x.png"; sourceTree = "<group>"; };
		5485B9291666F48B00B627B1 /* CoreTelephony.framework */ = {isa = PBXFileReference; lastKnownFileType = wrapper.framework; name = CoreTelephony.framework; path = System/Library/Frameworks/CoreTelephony.framework; sourceTree = SDKROOT; };
		5485B92F1666F82800B627B1 /* Reachability.h */ = {isa = PBXFileReference; fileEncoding = 4; lastKnownFileType = sourcecode.c.h; path = Reachability.h; sourceTree = "<group>"; };
		5485B9301666F82800B627B1 /* Reachability.m */ = {isa = PBXFileReference; fileEncoding = 4; lastKnownFileType = sourcecode.c.objc; path = Reachability.m; sourceTree = "<group>"; };
		5485B9401666FD7300B627B1 /* SystemConfiguration.framework */ = {isa = PBXFileReference; lastKnownFileType = wrapper.framework; name = SystemConfiguration.framework; path = System/Library/Frameworks/SystemConfiguration.framework; sourceTree = SDKROOT; };
/* End PBXFileReference section */

/* Begin PBXFrameworksBuildPhase section */
		3DC2B553165FB644000BED73 /* Frameworks */ = {
			isa = PBXFrameworksBuildPhase;
			buildActionMask = 2147483647;
			files = (
				5485B9411666FD7500B627B1 /* SystemConfiguration.framework in Frameworks */,
				5485B92A1666F48C00B627B1 /* CoreTelephony.framework in Frameworks */,
				5485B91C1666D94A00B627B1 /* MapKit.framework in Frameworks */,
				5485B8A41666B45700B627B1 /* CoreData.framework in Frameworks */,
				3DC2B5E1165FEDB1000BED73 /* QuartzCore.framework in Frameworks */,
				3DC2B55B165FB644000BED73 /* UIKit.framework in Frameworks */,
				3DC2B55D165FB644000BED73 /* Foundation.framework in Frameworks */,
				3DC2B55F165FB644000BED73 /* CoreGraphics.framework in Frameworks */,
			);
			runOnlyForDeploymentPostprocessing = 0;
		};
		3DC2B579165FB645000BED73 /* Frameworks */ = {
			isa = PBXFrameworksBuildPhase;
			buildActionMask = 2147483647;
			files = (
				3DC2B57F165FB645000BED73 /* SenTestingKit.framework in Frameworks */,
				3DC2B580165FB645000BED73 /* UIKit.framework in Frameworks */,
				3DC2B581165FB645000BED73 /* Foundation.framework in Frameworks */,
			);
			runOnlyForDeploymentPostprocessing = 0;
		};
/* End PBXFrameworksBuildPhase section */

/* Begin PBXGroup section */
		3DC2B54B165FB644000BED73 = {
			isa = PBXGroup;
			children = (
				3DC2B560165FB644000BED73 /* iSpeedTest */,
				3DC2B561165FB644000BED73 /* Supporting Files */,
				3DC2B584165FB645000BED73 /* iSpeedTestTests */,
				3DC2B559165FB644000BED73 /* Frameworks */,
				3DC2B557165FB644000BED73 /* Products */,
			);
			sourceTree = "<group>";
		};
		3DC2B557165FB644000BED73 /* Products */ = {
			isa = PBXGroup;
			children = (
				3DC2B556165FB644000BED73 /* iSpeedTest.app */,
				3DC2B57D165FB645000BED73 /* iSpeedTestTests.octest */,
			);
			name = Products;
			sourceTree = "<group>";
		};
		3DC2B559165FB644000BED73 /* Frameworks */ = {
			isa = PBXGroup;
			children = (
				5485B9401666FD7300B627B1 /* SystemConfiguration.framework */,
				5485B9291666F48B00B627B1 /* CoreTelephony.framework */,
				5485B91B1666D94900B627B1 /* MapKit.framework */,
				5485B8A31666B45700B627B1 /* CoreData.framework */,
				3DC2B5E0165FEDB1000BED73 /* QuartzCore.framework */,
				3DC2B55A165FB644000BED73 /* UIKit.framework */,
				3DC2B55C165FB644000BED73 /* Foundation.framework */,
				3DC2B55E165FB644000BED73 /* CoreGraphics.framework */,
				3DC2B57E165FB645000BED73 /* SenTestingKit.framework */,
			);
			name = Frameworks;
			sourceTree = "<group>";
		};
		3DC2B560165FB644000BED73 /* iSpeedTest */ = {
			isa = PBXGroup;
			children = (
				3DC2B5AD165FED3B000BED73 /* Thirdparty */,
				5485B8BF1666B56E00B627B1 /* Config */,
				3DC2B5AC165FED27000BED73 /* Categories */,
				3DC2B5A0165FC20B000BED73 /* Data */,
				3DC2B59F165FC1FF000BED73 /* Libs */,
				3DC2B59E165FC1F9000BED73 /* Views */,
				3DC2B595165FB672000BED73 /* Controllers */,
				3DC2B569165FB644000BED73 /* STAppDelegate.h */,
				3DC2B56A165FB644000BED73 /* STAppDelegate.m */,
			);
			path = iSpeedTest;
			sourceTree = "<group>";
		};
		3DC2B561165FB644000BED73 /* Supporting Files */ = {
			isa = PBXGroup;
			children = (
				5485B8DD1666C22500B627B1 /* Assets */,
				5485B8C41666B6EC00B627B1 /* Data */,
				3DC2B562165FB644000BED73 /* iSpeedTest-Info.plist */,
				3DC2B563165FB644000BED73 /* InfoPlist.strings */,
				3DC2B566165FB644000BED73 /* main.m */,
				3DC2B568165FB644000BED73 /* iSpeedTest-Prefix.pch */,
				3DC2B56C165FB644000BED73 /* Default.png */,
				3DC2B56E165FB644000BED73 /* Default@2x.png */,
				3DC2B570165FB644000BED73 /* Default-568h@2x.png */,
			);
			name = "Supporting Files";
			path = iSpeedTest;
			sourceTree = "<group>";
		};
		3DC2B584165FB645000BED73 /* iSpeedTestTests */ = {
			isa = PBXGroup;
			children = (
				3DC2B58A165FB645000BED73 /* iSpeedTestTests.h */,
				3DC2B58B165FB645000BED73 /* iSpeedTestTests.m */,
				3DC2B585165FB645000BED73 /* Supporting Files */,
			);
			path = iSpeedTestTests;
			sourceTree = "<group>";
		};
		3DC2B585165FB645000BED73 /* Supporting Files */ = {
			isa = PBXGroup;
			children = (
				3DC2B586165FB645000BED73 /* iSpeedTestTests-Info.plist */,
				3DC2B587165FB645000BED73 /* InfoPlist.strings */,
			);
			name = "Supporting Files";
			sourceTree = "<group>";
		};
		3DC2B595165FB672000BED73 /* Controllers */ = {
			isa = PBXGroup;
			children = (
				3DC2B59A165FB7F8000BED73 /* Home */,
				3DC2B572165FB644000BED73 /* STViewController.h */,
				3DC2B573165FB644000BED73 /* STViewController.m */,
			);
			name = Controllers;
			sourceTree = "<group>";
		};
		3DC2B59A165FB7F8000BED73 /* Home */ = {
			isa = PBXGroup;
			children = (
				3DC2B59B165FB81D000BED73 /* STHomeViewController.h */,
				3DC2B59C165FB81D000BED73 /* STHomeViewController.m */,
			);
			name = Home;
			sourceTree = "<group>";
		};
		3DC2B59E165FC1F9000BED73 /* Views */ = {
			isa = PBXGroup;
			children = (
				5485B9121666CA7D00B627B1 /* Autoline view */,
				5485B8D11666BAAE00B627B1 /* Map */,
				3DC2B5A4165FC260000BED73 /* Speedtest */,
				5485B8D21666BAC300B627B1 /* History */,
				5485B8DA1666BBC900B627B1 /* STSubsectionView.h */,
				5485B8DB1666BBCA00B627B1 /* STSubsectionView.m */,
				3DC2B5A1165FC232000BED73 /* STView.h */,
				3DC2B5A2165FC232000BED73 /* STView.m */,
			);
			name = Views;
			sourceTree = "<group>";
		};
		3DC2B59F165FC1FF000BED73 /* Libs */ = {
			isa = PBXGroup;
			children = (
				3DC2B5A8165FC280000BED73 /* Speedtest */,
			);
			name = Libs;
			sourceTree = "<group>";
		};
		3DC2B5A0165FC20B000BED73 /* Data */ = {
			isa = PBXGroup;
			children = (
				5485B8C91666B84200B627B1 /* Core data model */,
				5485B8C81666B83B00B627B1 /* Reporting */,
			);
			name = Data;
			sourceTree = "<group>";
		};
		3DC2B5A4165FC260000BED73 /* Speedtest */ = {
			isa = PBXGroup;
			children = (
				3DC2B5A5165FC27D000BED73 /* STSpeedtestView.h */,
				3DC2B5A6165FC27D000BED73 /* STSpeedtestView.m */,
			);
			name = Speedtest;
			sourceTree = "<group>";
		};
		3DC2B5A8165FC280000BED73 /* Speedtest */ = {
			isa = PBXGroup;
			children = (
				3DC2B5A9165FC29D000BED73 /* STSpeedtest.h */,
				3DC2B5AA165FC29D000BED73 /* STSpeedtest.m */,
			);
			name = Speedtest;
			sourceTree = "<group>";
		};
		3DC2B5AC165FED27000BED73 /* Categories */ = {
			isa = PBXGroup;
			children = (
				5485B8AA1666B4BE00B627B1 /* UIView+Effects.h */,
				5485B8AB1666B4BE00B627B1 /* UIView+Effects.m */,
				5485B8AC1666B4BE00B627B1 /* UIImage+Alpha.h */,
				5485B8AD1666B4BE00B627B1 /* UIImage+Alpha.m */,
				5485B8AE1666B4BE00B627B1 /* UIImage+Tools.h */,
				5485B8AF1666B4BE00B627B1 /* UIImage+Tools.m */,
				5485B8B01666B4BE00B627B1 /* UIColor+Tools.h */,
				5485B8B11666B4BE00B627B1 /* UIColor+Tools.m */,
				5485B8B21666B4BE00B627B1 /* UILabel+DynamicHeight.h */,
				5485B8B31666B4BE00B627B1 /* UILabel+DynamicHeight.m */,
				5485B8B41666B4BE00B627B1 /* UIView+Layout.h */,
				5485B8B51666B4BE00B627B1 /* UIView+Layout.m */,
				5485B8B61666B4BE00B627B1 /* NSString+Ereg.h */,
				5485B8B71666B4BE00B627B1 /* NSString+Ereg.m */,
			);
			name = Categories;
			sourceTree = "<group>";
		};
		3DC2B5AD165FED3B000BED73 /* Thirdparty */ = {
			isa = PBXGroup;
			children = (
				5485B92E1666F82800B627B1 /* Reachability */,
			);
			name = Thirdparty;
			path = ../../Thirdparty;
			sourceTree = "<group>";
		};
		5485B8BF1666B56E00B627B1 /* Config */ = {
			isa = PBXGroup;
			children = (
				5485B8C11666B5E200B627B1 /* STConfig.h */,
				5485B8C21666B5E200B627B1 /* STConfig.m */,
			);
			name = Config;
			sourceTree = "<group>";
		};
		5485B8C41666B6EC00B627B1 /* Data */ = {
			isa = PBXGroup;
			children = (
				5485B8C51666B70C00B627B1 /* DataModel.xcdatamodeld */,
			);
			name = Data;
			sourceTree = "<group>";
		};
		5485B8C81666B83B00B627B1 /* Reporting */ = {
			isa = PBXGroup;
			children = (
				5485B8CA1666B86500B627B1 /* STReporting.h */,
				5485B8CB1666B86500B627B1 /* STReporting.m */,
			);
			name = Reporting;
			sourceTree = "<group>";
		};
		5485B8C91666B84200B627B1 /* Core data model */ = {
			isa = PBXGroup;
			children = (
				5485B8CD1666B87B00B627B1 /* STHistory.h */,
				5485B8CE1666B87B00B627B1 /* STHistory.m */,
			);
			name = "Core data model";
			sourceTree = "<group>";
		};
		5485B8D11666BAAE00B627B1 /* Map */ = {
			isa = PBXGroup;
			children = (
				5485B8D31666BB1800B627B1 /* STMapView.h */,
				5485B8D41666BB1800B627B1 /* STMapView.m */,
			);
			name = Map;
			sourceTree = "<group>";
		};
		5485B8D21666BAC300B627B1 /* History */ = {
			isa = PBXGroup;
			children = (
				5485B8D71666BB2F00B627B1 /* STHistoryView.h */,
				5485B8D81666BB2F00B627B1 /* STHistoryView.m */,
			);
			name = History;
			sourceTree = "<group>";
		};
		5485B8DD1666C22500B627B1 /* Assets */ = {
			isa = PBXGroup;
			children = (
				5485B90F1666C36300B627B1 /* Fonts */,
				5485B8DE1666C22500B627B1 /* Images */,
			);
			name = Assets;
			path = ../../Assets;
			sourceTree = "<group>";
		};
		5485B8DE1666C22500B627B1 /* Images */ = {
			isa = PBXGroup;
			children = (
				5485B9251666F25800B627B1 /* SP_amazons3_logo.png */,
				5485B9261666F25B00B627B1 /* SP_amazons3_logo@2x.png */,
				5485B91D1666DA9200B627B1 /* SP_bg_map_overlay.png */,
				5485B91E1666DA9400B627B1 /* SP_bg_map_overlay@2x.png */,
				5485B91F1666DA9600B627B1 /* SP_ico_pin.png */,
				5485B9201666DA9900B627B1 /* SP_ico_pin@2x.png */,
				5485B8E11666C22500B627B1 /* SP_ico_menu_history.png */,
				5485B8E21666C22500B627B1 /* SP_ico_menu_history@2x.png */,
				5485B8E31666C22500B627B1 /* SP_ico_menu_history_active.png */,
				5485B8E41666C22500B627B1 /* SP_ico_menu_history_active@2x.png */,
				5485B8E51666C22500B627B1 /* SP_ico_menu_map.png */,
				5485B8E61666C22500B627B1 /* SP_ico_menu_map@2x.png */,
				5485B8E71666C22500B627B1 /* SP_ico_menu_map_active.png */,
				5485B8E81666C22500B627B1 /* SP_ico_menu_map_active@2x.png */,
				5485B8E91666C22500B627B1 /* SP_ico_menu_speed.png */,
				5485B8EA1666C22500B627B1 /* SP_ico_menu_speed@2x.png */,
				5485B8EB1666C22500B627B1 /* SP_ico_menu_speed_active.png */,
				5485B8EC1666C22500B627B1 /* SP_ico_menu_speed_active@2x.png */,
				5485B8ED1666C22500B627B1 /* SP_menu_chosen.png */,
				5485B8EE1666C22500B627B1 /* SP_menu_chosen@2x.png */,
				5485B8EF1666C22500B627B1 /* SP_menu_divider.png */,
				5485B8F01666C22500B627B1 /* SP_menu_divider@2x.png */,
				5485B8F11666C22500B627B1 /* SP_menu_line.png */,
				5485B8F21666C22500B627B1 /* SP_menu_line@2x.png */,
				5485B8F31666C22500B627B1 /* SP_speed_circle_bg.png */,
				5485B8F41666C22500B627B1 /* SP_speed_circle_bg@2x.png */,
			);
			path = Images;
			sourceTree = "<group>";
		};
		5485B90F1666C36300B627B1 /* Fonts */ = {
			isa = PBXGroup;
			children = (
				5485B9101666C36300B627B1 /* FamiliarPro-Bold.otf */,
			);
			path = Fonts;
			sourceTree = "<group>";
		};
		5485B9121666CA7D00B627B1 /* Autoline view */ = {
			isa = PBXGroup;
			children = (
				5485B9131666CA8A00B627B1 /* STAutoLineView.h */,
				5485B9141666CA8B00B627B1 /* STAutoLineView.m */,
			);
			name = "Autoline view";
			sourceTree = "<group>";
		};
		5485B92E1666F82800B627B1 /* Reachability */ = {
			isa = PBXGroup;
			children = (
				5485B92F1666F82800B627B1 /* Reachability.h */,
				5485B9301666F82800B627B1 /* Reachability.m */,
			);
			path = Reachability;
			sourceTree = "<group>";
		};
/* End PBXGroup section */

/* Begin PBXNativeTarget section */
		3DC2B555165FB644000BED73 /* iSpeedTest */ = {
			isa = PBXNativeTarget;
			buildConfigurationList = 3DC2B58F165FB645000BED73 /* Build configuration list for PBXNativeTarget "iSpeedTest" */;
			buildPhases = (
				3DC2B552165FB644000BED73 /* Sources */,
				3DC2B553165FB644000BED73 /* Frameworks */,
				3DC2B554165FB644000BED73 /* Resources */,
			);
			buildRules = (
			);
			dependencies = (
			);
			name = iSpeedTest;
			productName = iSpeedTest;
			productReference = 3DC2B556165FB644000BED73 /* iSpeedTest.app */;
			productType = "com.apple.product-type.application";
		};
		3DC2B57C165FB645000BED73 /* iSpeedTestTests */ = {
			isa = PBXNativeTarget;
			buildConfigurationList = 3DC2B592165FB645000BED73 /* Build configuration list for PBXNativeTarget "iSpeedTestTests" */;
			buildPhases = (
				3DC2B578165FB645000BED73 /* Sources */,
				3DC2B579165FB645000BED73 /* Frameworks */,
				3DC2B57A165FB645000BED73 /* Resources */,
				3DC2B57B165FB645000BED73 /* ShellScript */,
			);
			buildRules = (
			);
			dependencies = (
				3DC2B583165FB645000BED73 /* PBXTargetDependency */,
			);
			name = iSpeedTestTests;
			productName = iSpeedTestTests;
			productReference = 3DC2B57D165FB645000BED73 /* iSpeedTestTests.octest */;
			productType = "com.apple.product-type.bundle";
		};
/* End PBXNativeTarget section */

/* Begin PBXProject section */
		3DC2B54D165FB644000BED73 /* Project object */ = {
			isa = PBXProject;
			attributes = {
				CLASSPREFIX = ST;
				LastUpgradeCheck = 0450;
				ORGANIZATIONNAME = "Fuerte Innovations";
			};
			buildConfigurationList = 3DC2B550165FB644000BED73 /* Build configuration list for PBXProject "iSpeedTest" */;
			compatibilityVersion = "Xcode 3.2";
			developmentRegion = English;
			hasScannedForEncodings = 0;
			knownRegions = (
				en,
			);
			mainGroup = 3DC2B54B165FB644000BED73;
			productRefGroup = 3DC2B557165FB644000BED73 /* Products */;
			projectDirPath = "";
			projectRoot = "";
			targets = (
				3DC2B555165FB644000BED73 /* iSpeedTest */,
				3DC2B57C165FB645000BED73 /* iSpeedTestTests */,
			);
		};
/* End PBXProject section */

/* Begin PBXResourcesBuildPhase section */
		3DC2B554165FB644000BED73 /* Resources */ = {
			isa = PBXResourcesBuildPhase;
			buildActionMask = 2147483647;
			files = (
				3DC2B565165FB644000BED73 /* InfoPlist.strings in Resources */,
				3DC2B56D165FB644000BED73 /* Default.png in Resources */,
				3DC2B56F165FB644000BED73 /* Default@2x.png in Resources */,
				3DC2B571165FB644000BED73 /* Default-568h@2x.png in Resources */,
				5485B8F91666C22500B627B1 /* SP_ico_menu_history.png in Resources */,
				5485B8FA1666C22500B627B1 /* SP_ico_menu_history@2x.png in Resources */,
				5485B8FB1666C22500B627B1 /* SP_ico_menu_history_active.png in Resources */,
				5485B8FC1666C22500B627B1 /* SP_ico_menu_history_active@2x.png in Resources */,
				5485B8FD1666C22500B627B1 /* SP_ico_menu_map.png in Resources */,
				5485B8FE1666C22500B627B1 /* SP_ico_menu_map@2x.png in Resources */,
				5485B8FF1666C22500B627B1 /* SP_ico_menu_map_active.png in Resources */,
				5485B9001666C22500B627B1 /* SP_ico_menu_map_active@2x.png in Resources */,
				5485B9011666C22500B627B1 /* SP_ico_menu_speed.png in Resources */,
				5485B9021666C22500B627B1 /* SP_ico_menu_speed@2x.png in Resources */,
				5485B9031666C22500B627B1 /* SP_ico_menu_speed_active.png in Resources */,
				5485B9041666C22500B627B1 /* SP_ico_menu_speed_active@2x.png in Resources */,
				5485B9051666C22500B627B1 /* SP_menu_chosen.png in Resources */,
				5485B9061666C22500B627B1 /* SP_menu_chosen@2x.png in Resources */,
				5485B9071666C22500B627B1 /* SP_menu_divider.png in Resources */,
				5485B9081666C22500B627B1 /* SP_menu_divider@2x.png in Resources */,
				5485B9091666C22500B627B1 /* SP_menu_line.png in Resources */,
				5485B90A1666C22500B627B1 /* SP_menu_line@2x.png in Resources */,
				5485B90B1666C22500B627B1 /* SP_speed_circle_bg.png in Resources */,
				5485B90C1666C22500B627B1 /* SP_speed_circle_bg@2x.png in Resources */,
				5485B9111666C36300B627B1 /* FamiliarPro-Bold.otf in Resources */,
				5485B9211666DA9C00B627B1 /* SP_bg_map_overlay.png in Resources */,
				5485B9221666DA9C00B627B1 /* SP_bg_map_overlay@2x.png in Resources */,
				5485B9231666DA9C00B627B1 /* SP_ico_pin.png in Resources */,
				5485B9241666DA9C00B627B1 /* SP_ico_pin@2x.png in Resources */,
				5485B9271666F25D00B627B1 /* SP_amazons3_logo.png in Resources */,
				5485B9281666F25D00B627B1 /* SP_amazons3_logo@2x.png in Resources */,
			);
			runOnlyForDeploymentPostprocessing = 0;
		};
		3DC2B57A165FB645000BED73 /* Resources */ = {
			isa = PBXResourcesBuildPhase;
			buildActionMask = 2147483647;
			files = (
				3DC2B589165FB645000BED73 /* InfoPlist.strings in Resources */,
			);
			runOnlyForDeploymentPostprocessing = 0;
		};
/* End PBXResourcesBuildPhase section */

/* Begin PBXShellScriptBuildPhase section */
		3DC2B57B165FB645000BED73 /* ShellScript */ = {
			isa = PBXShellScriptBuildPhase;
			buildActionMask = 2147483647;
			files = (
			);
			inputPaths = (
			);
			outputPaths = (
			);
			runOnlyForDeploymentPostprocessing = 0;
			shellPath = /bin/sh;
			shellScript = "# Run the unit tests in this test bundle.\n\"${SYSTEM_DEVELOPER_DIR}/Tools/RunUnitTests\"\n";
		};
/* End PBXShellScriptBuildPhase section */

/* Begin PBXSourcesBuildPhase section */
		3DC2B552165FB644000BED73 /* Sources */ = {
			isa = PBXSourcesBuildPhase;
			buildActionMask = 2147483647;
			files = (
				3DC2B567165FB644000BED73 /* main.m in Sources */,
				3DC2B56B165FB644000BED73 /* STAppDelegate.m in Sources */,
				3DC2B574165FB644000BED73 /* STViewController.m in Sources */,
				3DC2B59D165FB81D000BED73 /* STHomeViewController.m in Sources */,
				3DC2B5A3165FC232000BED73 /* STView.m in Sources */,
				3DC2B5A7165FC27D000BED73 /* STSpeedtestView.m in Sources */,
				3DC2B5AB165FC29D000BED73 /* STSpeedtest.m in Sources */,
				5485B8B81666B4BE00B627B1 /* UIView+Effects.m in Sources */,
				5485B8B91666B4BE00B627B1 /* UIImage+Alpha.m in Sources */,
				5485B8BA1666B4BE00B627B1 /* UIImage+Tools.m in Sources */,
				5485B8BB1666B4BE00B627B1 /* UIColor+Tools.m in Sources */,
				5485B8BC1666B4BE00B627B1 /* UILabel+DynamicHeight.m in Sources */,
				5485B8BD1666B4BE00B627B1 /* UIView+Layout.m in Sources */,
				5485B8BE1666B4BE00B627B1 /* NSString+Ereg.m in Sources */,
				5485B8C31666B5E200B627B1 /* STConfig.m in Sources */,
				5485B8C71666B70C00B627B1 /* DataModel.xcdatamodeld in Sources */,
				5485B8CC1666B86500B627B1 /* STReporting.m in Sources */,
				5485B8CF1666B87B00B627B1 /* STHistory.m in Sources */,
				5485B8D51666BB1800B627B1 /* STMapView.m in Sources */,
				5485B8D91666BB2F00B627B1 /* STHistoryView.m in Sources */,
				5485B8DC1666BBCA00B627B1 /* STSubsectionView.m in Sources */,
				5485B9161666CBC800B627B1 /* STAutoLineView.m in Sources */,
				5485B9311666F82800B627B1 /* Reachability.m in Sources */,
			);
			runOnlyForDeploymentPostprocessing = 0;
		};
		3DC2B578165FB645000BED73 /* Sources */ = {
			isa = PBXSourcesBuildPhase;
			buildActionMask = 2147483647;
			files = (
				3DC2B58C165FB645000BED73 /* iSpeedTestTests.m in Sources */,
				5485B8D01666B87B00B627B1 /* STHistory.m in Sources */,
				5485B9321666F82800B627B1 /* Reachability.m in Sources */,
			);
			runOnlyForDeploymentPostprocessing = 0;
		};
/* End PBXSourcesBuildPhase section */

/* Begin PBXTargetDependency section */
		3DC2B583165FB645000BED73 /* PBXTargetDependency */ = {
			isa = PBXTargetDependency;
			target = 3DC2B555165FB644000BED73 /* iSpeedTest */;
			targetProxy = 3DC2B582165FB645000BED73 /* PBXContainerItemProxy */;
		};
/* End PBXTargetDependency section */

/* Begin PBXVariantGroup section */
		3DC2B563165FB644000BED73 /* InfoPlist.strings */ = {
			isa = PBXVariantGroup;
			children = (
				3DC2B564165FB644000BED73 /* en */,
			);
			name = InfoPlist.strings;
			sourceTree = "<group>";
		};
		3DC2B587165FB645000BED73 /* InfoPlist.strings */ = {
			isa = PBXVariantGroup;
			children = (
				3DC2B588165FB645000BED73 /* en */,
			);
			name = InfoPlist.strings;
			sourceTree = "<group>";
		};
/* End PBXVariantGroup section */

/* Begin XCBuildConfiguration section */
		3DC2B58D165FB645000BED73 /* Debug */ = {
			isa = XCBuildConfiguration;
			buildSettings = {
				ALWAYS_SEARCH_USER_PATHS = NO;
				CLANG_CXX_LANGUAGE_STANDARD = "gnu++0x";
				CLANG_CXX_LIBRARY = "libc++";
				CLANG_ENABLE_OBJC_ARC = YES;
				CLANG_WARN_EMPTY_BODY = YES;
				CLANG_WARN__DUPLICATE_METHOD_MATCH = YES;
				"CODE_SIGN_IDENTITY[sdk=iphoneos*]" = "";
				COPY_PHASE_STRIP = NO;
				GCC_C_LANGUAGE_STANDARD = gnu99;
				GCC_DYNAMIC_NO_PIC = NO;
				GCC_OPTIMIZATION_LEVEL = 0;
				GCC_PREPROCESSOR_DEFINITIONS = (
					"DEBUG=1",
					"$(inherited)",
				);
				GCC_SYMBOLS_PRIVATE_EXTERN = NO;
				GCC_WARN_ABOUT_RETURN_TYPE = YES;
				GCC_WARN_UNINITIALIZED_AUTOS = YES;
				GCC_WARN_UNUSED_VARIABLE = YES;
				IPHONEOS_DEPLOYMENT_TARGET = 6.0;
				ONLY_ACTIVE_ARCH = YES;
				SDKROOT = iphoneos;
				TARGETED_DEVICE_FAMILY = 2;
			};
			name = Debug;
		};
		3DC2B58E165FB645000BED73 /* Enterprise */ = {
			isa = XCBuildConfiguration;
			buildSettings = {
				ALWAYS_SEARCH_USER_PATHS = NO;
				CLANG_CXX_LANGUAGE_STANDARD = "gnu++0x";
				CLANG_CXX_LIBRARY = "libc++";
				CLANG_ENABLE_OBJC_ARC = YES;
				CLANG_WARN_EMPTY_BODY = YES;
				CLANG_WARN__DUPLICATE_METHOD_MATCH = YES;
				"CODE_SIGN_IDENTITY[sdk=iphoneos*]" = "";
				COPY_PHASE_STRIP = YES;
				GCC_C_LANGUAGE_STANDARD = gnu99;
				GCC_WARN_ABOUT_RETURN_TYPE = YES;
				GCC_WARN_UNINITIALIZED_AUTOS = YES;
				GCC_WARN_UNUSED_VARIABLE = YES;
				IPHONEOS_DEPLOYMENT_TARGET = 6.0;
				OTHER_CFLAGS = "-DNS_BLOCK_ASSERTIONS=1";
				SDKROOT = iphoneos;
				TARGETED_DEVICE_FAMILY = 2;
				VALIDATE_PRODUCT = YES;
			};
			name = Enterprise;
		};
		3DC2B590165FB645000BED73 /* Debug */ = {
			isa = XCBuildConfiguration;
			buildSettings = {
				"CODE_SIGN_IDENTITY[sdk=iphoneos*]" = "iPhone Developer";
				GCC_PRECOMPILE_PREFIX_HEADER = YES;
				GCC_PREFIX_HEADER = "iSpeedTest/iSpeedTest-Prefix.pch";
				INFOPLIST_FILE = "iSpeedTest/iSpeedTest-Info.plist";
				IPHONEOS_DEPLOYMENT_TARGET = 5.1;
				PRODUCT_NAME = "$(TARGET_NAME)";
				"PROVISIONING_PROFILE[sdk=iphoneos*]" = "";
				TARGETED_DEVICE_FAMILY = 1;
				WRAPPER_EXTENSION = app;
			};
			name = Debug;
		};
		3DC2B591165FB645000BED73 /* Enterprise */ = {
			isa = XCBuildConfiguration;
			buildSettings = {
				GCC_PRECOMPILE_PREFIX_HEADER = YES;
				GCC_PREFIX_HEADER = "iSpeedTest/iSpeedTest-Prefix.pch";
				INFOPLIST_FILE = "iSpeedTest/iSpeedTest-Info.plist";
				IPHONEOS_DEPLOYMENT_TARGET = 5.1;
				PRODUCT_NAME = "$(TARGET_NAME)";
				TARGETED_DEVICE_FAMILY = 1;
				WRAPPER_EXTENSION = app;
			};
			name = Enterprise;
		};
		3DC2B593165FB645000BED73 /* Debug */ = {
			isa = XCBuildConfiguration;
			buildSettings = {
				BUNDLE_LOADER = "$(BUILT_PRODUCTS_DIR)/iSpeedTest.app/iSpeedTest";
				FRAMEWORK_SEARCH_PATHS = (
					"\"$(SDKROOT)/Developer/Library/Frameworks\"",
					"\"$(DEVELOPER_LIBRARY_DIR)/Frameworks\"",
				);
				GCC_PRECOMPILE_PREFIX_HEADER = YES;
				GCC_PREFIX_HEADER = "iSpeedTest/iSpeedTest-Prefix.pch";
				INFOPLIST_FILE = "iSpeedTestTests/iSpeedTestTests-Info.plist";
				PRODUCT_NAME = "$(TARGET_NAME)";
				TEST_HOST = "$(BUNDLE_LOADER)";
				WRAPPER_EXTENSION = octest;
			};
			name = Debug;
		};
		3DC2B594165FB645000BED73 /* Enterprise */ = {
			isa = XCBuildConfiguration;
			buildSettings = {
				BUNDLE_LOADER = "$(BUILT_PRODUCTS_DIR)/iSpeedTest.app/iSpeedTest";
				FRAMEWORK_SEARCH_PATHS = (
					"\"$(SDKROOT)/Developer/Library/Frameworks\"",
					"\"$(DEVELOPER_LIBRARY_DIR)/Frameworks\"",
				);
				GCC_PRECOMPILE_PREFIX_HEADER = YES;
				GCC_PREFIX_HEADER = "iSpeedTest/iSpeedTest-Prefix.pch";
				INFOPLIST_FILE = "iSpeedTestTests/iSpeedTestTests-Info.plist";
				PRODUCT_NAME = "$(TARGET_NAME)";
				TEST_HOST = "$(BUNDLE_LOADER)";
				WRAPPER_EXTENSION = octest;
			};
			name = Enterprise;
		};
		5485B92B1666F63900B627B1 /* AppStore */ = {
			isa = XCBuildConfiguration;
			buildSettings = {
				ALWAYS_SEARCH_USER_PATHS = NO;
				CLANG_CXX_LANGUAGE_STANDARD = "gnu++0x";
				CLANG_CXX_LIBRARY = "libc++";
				CLANG_ENABLE_OBJC_ARC = YES;
				CLANG_WARN_EMPTY_BODY = YES;
				CLANG_WARN__DUPLICATE_METHOD_MATCH = YES;
				"CODE_SIGN_IDENTITY[sdk=iphoneos*]" = "";
				COPY_PHASE_STRIP = YES;
				GCC_C_LANGUAGE_STANDARD = gnu99;
				GCC_WARN_ABOUT_RETURN_TYPE = YES;
				GCC_WARN_UNINITIALIZED_AUTOS = YES;
				GCC_WARN_UNUSED_VARIABLE = YES;
				IPHONEOS_DEPLOYMENT_TARGET = 6.0;
				OTHER_CFLAGS = "-DNS_BLOCK_ASSERTIONS=1";
				SDKROOT = iphoneos;
				TARGETED_DEVICE_FAMILY = 2;
				VALIDATE_PRODUCT = YES;
			};
			name = AppStore;
		};
		5485B92C1666F63900B627B1 /* AppStore */ = {
			isa = XCBuildConfiguration;
			buildSettings = {
				GCC_PRECOMPILE_PREFIX_HEADER = YES;
				GCC_PREFIX_HEADER = "iSpeedTest/iSpeedTest-Prefix.pch";
				INFOPLIST_FILE = "iSpeedTest/iSpeedTest-Info.plist";
				IPHONEOS_DEPLOYMENT_TARGET = 5.1;
				PRODUCT_NAME = "$(TARGET_NAME)";
				TARGETED_DEVICE_FAMILY = 1;
				WRAPPER_EXTENSION = app;
			};
			name = AppStore;
		};
		5485B92D1666F63900B627B1 /* AppStore */ = {
			isa = XCBuildConfiguration;
			buildSettings = {
				BUNDLE_LOADER = "$(BUILT_PRODUCTS_DIR)/iSpeedTest.app/iSpeedTest";
				FRAMEWORK_SEARCH_PATHS = (
					"\"$(SDKROOT)/Developer/Library/Frameworks\"",
					"\"$(DEVELOPER_LIBRARY_DIR)/Frameworks\"",
				);
				GCC_PRECOMPILE_PREFIX_HEADER = YES;
				GCC_PREFIX_HEADER = "iSpeedTest/iSpeedTest-Prefix.pch";
				INFOPLIST_FILE = "iSpeedTestTests/iSpeedTestTests-Info.plist";
				PRODUCT_NAME = "$(TARGET_NAME)";
				TEST_HOST = "$(BUNDLE_LOADER)";
				WRAPPER_EXTENSION = octest;
			};
			name = AppStore;
		};
/* End XCBuildConfiguration section */

/* Begin XCConfigurationList section */
		3DC2B550165FB644000BED73 /* Build configuration list for PBXProject "iSpeedTest" */ = {
			isa = XCConfigurationList;
			buildConfigurations = (
				3DC2B58D165FB645000BED73 /* Debug */,
				3DC2B58E165FB645000BED73 /* Enterprise */,
				5485B92B1666F63900B627B1 /* AppStore */,
			);
			defaultConfigurationIsVisible = 0;
			defaultConfigurationName = Enterprise;
		};
		3DC2B58F165FB645000BED73 /* Build configuration list for PBXNativeTarget "iSpeedTest" */ = {
			isa = XCConfigurationList;
			buildConfigurations = (
				3DC2B590165FB645000BED73 /* Debug */,
				3DC2B591165FB645000BED73 /* Enterprise */,
				5485B92C1666F63900B627B1 /* AppStore */,
			);
			defaultConfigurationIsVisible = 0;
			defaultConfigurationName = Enterprise;
		};
		3DC2B592165FB645000BED73 /* Build configuration list for PBXNativeTarget "iSpeedTestTests" */ = {
			isa = XCConfigurationList;
			buildConfigurations = (
				3DC2B593165FB645000BED73 /* Debug */,
				3DC2B594165FB645000BED73 /* Enterprise */,
				5485B92D1666F63900B627B1 /* AppStore */,
			);
			defaultConfigurationIsVisible = 0;
			defaultConfigurationName = Enterprise;
		};
/* End XCConfigurationList section */

/* Begin XCVersionGroup section */
		5485B8C51666B70C00B627B1 /* DataModel.xcdatamodeld */ = {
			isa = XCVersionGroup;
			children = (
				5485B8C61666B70C00B627B1 /* DataModel.xcdatamodel */,
			);
			currentVersion = 5485B8C61666B70C00B627B1 /* DataModel.xcdatamodel */;
			path = DataModel.xcdatamodeld;
			sourceTree = "<group>";
			versionGroupType = wrapper.xcdatamodel;
		};
/* End XCVersionGroup section */
	};
	rootObject = 3DC2B54D165FB644000BED73 /* Project object */;
}
